
Microsoft Visual Studio Solution File, Format Version 12.00
# Visual Studio Version 17
VisualStudioVersion = 17.7.34031.279
MinimumVisualStudioVersion = 10.0.40219.1
Project("{2150E333-8FDC-42A3-9474-1A3956D46DE8}") = "Core", "Core", "{425F09F6-74FF-49F5-A7BD-A442298CA062}"
EndProject
Project("{2150E333-8FDC-42A3-9474-1A3956D46DE8}") = "Infrastructure", "Infrastructure", "{4B15A947-7F5B-4754-96F4-844CF7B92AFD}"
EndProject
Project("{2150E333-8FDC-42A3-9474-1A3956D46DE8}") = "Presentation", "Presentation", "{9DA062A3-ABE5-4C53-828C-D4ED24FFD151}"
EndProject
Project("{FAE04EC0-301F-11D3-BF4B-00C04F79EFBC}") = "Productify.MVC", "Presentation\Productify.MVC\Productify.MVC.csproj", "{82F3BB86-938F-4F83-97EC-613E9639A65F}"
EndProject
Project("{FAE04EC0-301F-11D3-BF4B-00C04F79EFBC}") = "Productify.Domain", "Core\Productify.Domain\Productify.Domain.csproj", "{82D3196D-3438-4FB1-87B0-501A81336DAD}"
EndProject
Project("{FAE04EC0-301F-11D3-BF4B-00C04F79EFBC}") = "Productify.Persistance", "Infrastructure\Productify.Persistance\Productify.Persistance.csproj", "{59182A33-FED5-42CC-BB3E-EBE36558FE56}"
EndProject
Global
	GlobalSection(SolutionConfigurationPlatforms) = preSolution
		Debug|Any CPU = Debug|Any CPU
		Release|Any CPU = Release|Any CPU
	EndGlobalSection
	GlobalSection(ProjectConfigurationPlatforms) = postSolution
		{82F3BB86-938F-4F83-97EC-613E9639A65F}.Debug|Any CPU.ActiveCfg = Debug|Any CPU
		{82F3BB86-938F-4F83-97EC-613E9639A65F}.Debug|Any CPU.Build.0 = Debug|Any CPU
		{82F3BB86-938F-4F83-97EC-613E9639A65F}.Release|Any CPU.ActiveCfg = Release|Any CPU
		{82F3BB86-938F-4F83-97EC-613E9639A65F}.Release|Any CPU.Build.0 = Release|Any CPU
		{82D3196D-3438-4FB1-87B0-501A81336DAD}.Debug|Any CPU.ActiveCfg = Debug|Any CPU
		{82D3196D-3438-4FB1-87B0-501A81336DAD}.Debug|Any CPU.Build.0 = Debug|Any CPU
		{82D3196D-3438-4FB1-87B0-501A81336DAD}.Release|Any CPU.ActiveCfg = Release|Any CPU
		{82D3196D-3438-4FB1-87B0-501A81336DAD}.Release|Any CPU.Build.0 = Release|Any CPU
		{59182A33-FED5-42CC-BB3E-EBE36558FE56}.Debug|Any CPU.ActiveCfg = Debug|Any CPU
		{59182A33-FED5-42CC-BB3E-EBE36558FE56}.Debug|Any CPU.Build.0 = Debug|Any CPU
		{59182A33-FED5-42CC-BB3E-EBE36558FE56}.Release|Any CPU.ActiveCfg = Release|Any CPU
		{59182A33-FED5-42CC-BB3E-EBE36558FE56}.Release|Any CPU.Build.0 = Release|Any CPU
	EndGlobalSection
	GlobalSection(SolutionProperties) = preSolution
		HideSolutionNode = FALSE
	EndGlobalSection
	GlobalSection(NestedProjects) = preSolution
		{82F3BB86-938F-4F83-97EC-613E9639A65F} = {9DA062A3-ABE5-4C53-828C-D4ED24FFD151}
		{82D3196D-3438-4FB1-87B0-501A81336DAD} = {425F09F6-74FF-49F5-A7BD-A442298CA062}
		{59182A33-FED5-42CC-BB3E-EBE36558FE56} = {4B15A947-7F5B-4754-96F4-844CF7B92AFD}
	EndGlobalSection
	GlobalSection(ExtensibilityGlobals) = postSolution
		SolutionGuid = {B02A2EBE-C96C-48A3-9C4E-7E6CCBBF4229}
	EndGlobalSection
EndGlobal
